// !$*UTF8*$!
{
	archiveVersion = 1;
	classes = {
	};
	objectVersion = 50;
	objects = {

/* Begin PBXBuildFile section */
		04F4FD8CBEF03359FC892B97 /* Pods_tumblrUITests.framework in Frameworks */ = {isa = PBXBuildFile; fileRef = 52A2724CFB3009788FE6DE74 /* Pods_tumblrUITests.framework */; };
		35AF162C99FEFD82ED51B6BC /* Pods_tumblr.framework in Frameworks */ = {isa = PBXBuildFile; fileRef = 7053643337341E57A9973CB3 /* Pods_tumblr.framework */; };
		3C0887DAA0F17D1D125B157A /* Pods_tumblrTests.framework in Frameworks */ = {isa = PBXBuildFile; fileRef = 8E422064D8BC32F171B56C56 /* Pods_tumblrTests.framework */; };
		DCB42A5D2332BA6C003A7D9E /* PhotosViewController.swift in Sources */ = {isa = PBXBuildFile; fileRef = DCB42A5C2332BA6C003A7D9E /* PhotosViewController.swift */; };
		DCB42A5F2332C181003A7D9E /* PhotoCell.swift in Sources */ = {isa = PBXBuildFile; fileRef = DCB42A5E2332C181003A7D9E /* PhotoCell.swift */; };
		DCF009BD2329DA6D00D0A8F3 /* AppDelegate.swift in Sources */ = {isa = PBXBuildFile; fileRef = DCF009BC2329DA6D00D0A8F3 /* AppDelegate.swift */; };
		DCF009C22329DA6D00D0A8F3 /* Main.storyboard in Resources */ = {isa = PBXBuildFile; fileRef = DCF009C02329DA6D00D0A8F3 /* Main.storyboard */; };
		DCF009C42329DA6E00D0A8F3 /* Assets.xcassets in Resources */ = {isa = PBXBuildFile; fileRef = DCF009C32329DA6E00D0A8F3 /* Assets.xcassets */; };
		DCF009C72329DA6E00D0A8F3 /* LaunchScreen.storyboard in Resources */ = {isa = PBXBuildFile; fileRef = DCF009C52329DA6E00D0A8F3 /* LaunchScreen.storyboard */; };
		DCF009D22329DA6E00D0A8F3 /* tumblrTests.swift in Sources */ = {isa = PBXBuildFile; fileRef = DCF009D12329DA6E00D0A8F3 /* tumblrTests.swift */; };
		DCF009DD2329DA6E00D0A8F3 /* tumblrUITests.swift in Sources */ = {isa = PBXBuildFile; fileRef = DCF009DC2329DA6E00D0A8F3 /* tumblrUITests.swift */; };
/* End PBXBuildFile section */

/* Begin PBXContainerItemProxy section */
		DCF009CE2329DA6E00D0A8F3 /* PBXContainerItemProxy */ = {
			isa = PBXContainerItemProxy;
			containerPortal = DCF009B12329DA6C00D0A8F3 /* Project object */;
			proxyType = 1;
			remoteGlobalIDString = DCF009B82329DA6C00D0A8F3;
			remoteInfo = tumblr;
		};
		DCF009D92329DA6E00D0A8F3 /* PBXContainerItemProxy */ = {
			isa = PBXContainerItemProxy;
			containerPortal = DCF009B12329DA6C00D0A8F3 /* Project object */;
			proxyType = 1;
			remoteGlobalIDString = DCF009B82329DA6C00D0A8F3;
			remoteInfo = tumblr;
		};
/* End PBXContainerItemProxy section */

/* Begin PBXFileReference section */
		36E3E3A9C5D04FCA5EEC3EA9 /* Pods-tumblrUITests.release.xcconfig */ = {isa = PBXFileReference; includeInIndex = 1; lastKnownFileType = text.xcconfig; name = "Pods-tumblrUITests.release.xcconfig"; path = "Target Support Files/Pods-tumblrUITests/Pods-tumblrUITests.release.xcconfig"; sourceTree = "<group>"; };
		393F7F40BE74E2EBFFE54CBC /* Pods-tumblrTests.release.xcconfig */ = {isa = PBXFileReference; includeInIndex = 1; lastKnownFileType = text.xcconfig; name = "Pods-tumblrTests.release.xcconfig"; path = "Target Support Files/Pods-tumblrTests/Pods-tumblrTests.release.xcconfig"; sourceTree = "<group>"; };
		52A2724CFB3009788FE6DE74 /* Pods_tumblrUITests.framework */ = {isa = PBXFileReference; explicitFileType = wrapper.framework; includeInIndex = 0; path = Pods_tumblrUITests.framework; sourceTree = BUILT_PRODUCTS_DIR; };
		7053643337341E57A9973CB3 /* Pods_tumblr.framework */ = {isa = PBXFileReference; explicitFileType = wrapper.framework; includeInIndex = 0; path = Pods_tumblr.framework; sourceTree = BUILT_PRODUCTS_DIR; };
		8E422064D8BC32F171B56C56 /* Pods_tumblrTests.framework */ = {isa = PBXFileReference; explicitFileType = wrapper.framework; includeInIndex = 0; path = Pods_tumblrTests.framework; sourceTree = BUILT_PRODUCTS_DIR; };
		A231DBBF1DB814C0CB8DF0FF /* Pods-tumblrUITests.debug.xcconfig */ = {isa = PBXFileReference; includeInIndex = 1; lastKnownFileType = text.xcconfig; name = "Pods-tumblrUITests.debug.xcconfig"; path = "Target Support Files/Pods-tumblrUITests/Pods-tumblrUITests.debug.xcconfig"; sourceTree = "<group>"; };
		B981177D7A79EB83DC3145D8 /* Pods-tumblr.debug.xcconfig */ = {isa = PBXFileReference; includeInIndex = 1; lastKnownFileType = text.xcconfig; name = "Pods-tumblr.debug.xcconfig"; path = "Target Support Files/Pods-tumblr/Pods-tumblr.debug.xcconfig"; sourceTree = "<group>"; };
		DC34A927FEFF736BB9EBFBFA /* Pods-tumblr.release.xcconfig */ = {isa = PBXFileReference; includeInIndex = 1; lastKnownFileType = text.xcconfig; name = "Pods-tumblr.release.xcconfig"; path = "Target Support Files/Pods-tumblr/Pods-tumblr.release.xcconfig"; sourceTree = "<group>"; };
		DCB42A5C2332BA6C003A7D9E /* PhotosViewController.swift */ = {isa = PBXFileReference; lastKnownFileType = sourcecode.swift; path = PhotosViewController.swift; sourceTree = "<group>"; };
		DCB42A5E2332C181003A7D9E /* PhotoCell.swift */ = {isa = PBXFileReference; lastKnownFileType = sourcecode.swift; path = PhotoCell.swift; sourceTree = "<group>"; };
		DCF009B92329DA6D00D0A8F3 /* tumblr.app */ = {isa = PBXFileReference; explicitFileType = wrapper.application; includeInIndex = 0; path = tumblr.app; sourceTree = BUILT_PRODUCTS_DIR; };
		DCF009BC2329DA6D00D0A8F3 /* AppDelegate.swift */ = {isa = PBXFileReference; lastKnownFileType = sourcecode.swift; path = AppDelegate.swift; sourceTree = "<group>"; };
		DCF009C12329DA6D00D0A8F3 /* Base */ = {isa = PBXFileReference; lastKnownFileType = file.storyboard; name = Base; path = Base.lproj/Main.storyboard; sourceTree = "<group>"; };
		DCF009C32329DA6E00D0A8F3 /* Assets.xcassets */ = {isa = PBXFileReference; lastKnownFileType = folder.assetcatalog; path = Assets.xcassets; sourceTree = "<group>"; };
		DCF009C62329DA6E00D0A8F3 /* Base */ = {isa = PBXFileReference; lastKnownFileType = file.storyboard; name = Base; path = Base.lproj/LaunchScreen.storyboard; sourceTree = "<group>"; };
		DCF009C82329DA6E00D0A8F3 /* Info.plist */ = {isa = PBXFileReference; lastKnownFileType = text.plist.xml; path = Info.plist; sourceTree = "<group>"; };
		DCF009CD2329DA6E00D0A8F3 /* tumblrTests.xctest */ = {isa = PBXFileReference; explicitFileType = wrapper.cfbundle; includeInIndex = 0; path = tumblrTests.xctest; sourceTree = BUILT_PRODUCTS_DIR; };
		DCF009D12329DA6E00D0A8F3 /* tumblrTests.swift */ = {isa = PBXFileReference; lastKnownFileType = sourcecode.swift; path = tumblrTests.swift; sourceTree = "<group>"; };
		DCF009D32329DA6E00D0A8F3 /* Info.plist */ = {isa = PBXFileReference; lastKnownFileType = text.plist.xml; path = Info.plist; sourceTree = "<group>"; };
		DCF009D82329DA6E00D0A8F3 /* tumblrUITests.xctest */ = {isa = PBXFileReference; explicitFileType = wrapper.cfbundle; includeInIndex = 0; path = tumblrUITests.xctest; sourceTree = BUILT_PRODUCTS_DIR; };
		DCF009DC2329DA6E00D0A8F3 /* tumblrUITests.swift */ = {isa = PBXFileReference; lastKnownFileType = sourcecode.swift; path = tumblrUITests.swift; sourceTree = "<group>"; };
		DCF009DE2329DA6E00D0A8F3 /* Info.plist */ = {isa = PBXFileReference; lastKnownFileType = text.plist.xml; path = Info.plist; sourceTree = "<group>"; };
		F0998773BF9E5796FC0D0B92 /* Pods-tumblrTests.debug.xcconfig */ = {isa = PBXFileReference; includeInIndex = 1; lastKnownFileType = text.xcconfig; name = "Pods-tumblrTests.debug.xcconfig"; path = "Target Support Files/Pods-tumblrTests/Pods-tumblrTests.debug.xcconfig"; sourceTree = "<group>"; };
/* End PBXFileReference section */

/* Begin PBXFrameworksBuildPhase section */
		DCF009B62329DA6C00D0A8F3 /* Frameworks */ = {
			isa = PBXFrameworksBuildPhase;
			buildActionMask = 2147483647;
			files = (
				35AF162C99FEFD82ED51B6BC /* Pods_tumblr.framework in Frameworks */,
			);
			runOnlyForDeploymentPostprocessing = 0;
		};
		DCF009CA2329DA6E00D0A8F3 /* Frameworks */ = {
			isa = PBXFrameworksBuildPhase;
			buildActionMask = 2147483647;
			files = (
				3C0887DAA0F17D1D125B157A /* Pods_tumblrTests.framework in Frameworks */,
			);
			runOnlyForDeploymentPostprocessing = 0;
		};
		DCF009D52329DA6E00D0A8F3 /* Frameworks */ = {
			isa = PBXFrameworksBuildPhase;
			buildActionMask = 2147483647;
			files = (
				04F4FD8CBEF03359FC892B97 /* Pods_tumblrUITests.framework in Frameworks */,
			);
			runOnlyForDeploymentPostprocessing = 0;
		};
/* End PBXFrameworksBuildPhase section */

/* Begin PBXGroup section */
		8705EF41B5223D38F3814FF4 /* Pods */ = {
			isa = PBXGroup;
			children = (
				B981177D7A79EB83DC3145D8 /* Pods-tumblr.debug.xcconfig */,
				DC34A927FEFF736BB9EBFBFA /* Pods-tumblr.release.xcconfig */,
				F0998773BF9E5796FC0D0B92 /* Pods-tumblrTests.debug.xcconfig */,
				393F7F40BE74E2EBFFE54CBC /* Pods-tumblrTests.release.xcconfig */,
				A231DBBF1DB814C0CB8DF0FF /* Pods-tumblrUITests.debug.xcconfig */,
				36E3E3A9C5D04FCA5EEC3EA9 /* Pods-tumblrUITests.release.xcconfig */,
			);
			name = Pods;
			path = Pods;
			sourceTree = "<group>";
		};
		DCF009B02329DA6C00D0A8F3 = {
			isa = PBXGroup;
			children = (
				DCF009BB2329DA6D00D0A8F3 /* tumblr */,
				DCF009D02329DA6E00D0A8F3 /* tumblrTests */,
				DCF009DB2329DA6E00D0A8F3 /* tumblrUITests */,
				DCF009BA2329DA6D00D0A8F3 /* Products */,
				8705EF41B5223D38F3814FF4 /* Pods */,
				F4C2760FA3F33F7A5DD1144C /* Frameworks */,
			);
			sourceTree = "<group>";
		};
		DCF009BA2329DA6D00D0A8F3 /* Products */ = {
			isa = PBXGroup;
			children = (
				DCF009B92329DA6D00D0A8F3 /* tumblr.app */,
				DCF009CD2329DA6E00D0A8F3 /* tumblrTests.xctest */,
				DCF009D82329DA6E00D0A8F3 /* tumblrUITests.xctest */,
			);
			name = Products;
			sourceTree = "<group>";
		};
		DCF009BB2329DA6D00D0A8F3 /* tumblr */ = {
			isa = PBXGroup;
			children = (
				DCF009BC2329DA6D00D0A8F3 /* AppDelegate.swift */,
				DCF009C02329DA6D00D0A8F3 /* Main.storyboard */,
				DCB42A5E2332C181003A7D9E /* PhotoCell.swift */,
				DCF009C32329DA6E00D0A8F3 /* Assets.xcassets */,
				DCF009C52329DA6E00D0A8F3 /* LaunchScreen.storyboard */,
				DCF009C82329DA6E00D0A8F3 /* Info.plist */,
				DCB42A5C2332BA6C003A7D9E /* PhotosViewController.swift */,
			);
			path = tumblr;
			sourceTree = "<group>";
		};
		DCF009D02329DA6E00D0A8F3 /* tumblrTests */ = {
			isa = PBXGroup;
			children = (
				DCF009D12329DA6E00D0A8F3 /* tumblrTests.swift */,
				DCF009D32329DA6E00D0A8F3 /* Info.plist */,
			);
			path = tumblrTests;
			sourceTree = "<group>";
		};
		DCF009DB2329DA6E00D0A8F3 /* tumblrUITests */ = {
			isa = PBXGroup;
			children = (
				DCF009DC2329DA6E00D0A8F3 /* tumblrUITests.swift */,
				DCF009DE2329DA6E00D0A8F3 /* Info.plist */,
			);
			path = tumblrUITests;
			sourceTree = "<group>";
		};
		F4C2760FA3F33F7A5DD1144C /* Frameworks */ = {
			isa = PBXGroup;
			children = (
				7053643337341E57A9973CB3 /* Pods_tumblr.framework */,
				8E422064D8BC32F171B56C56 /* Pods_tumblrTests.framework */,
				52A2724CFB3009788FE6DE74 /* Pods_tumblrUITests.framework */,
			);
			name = Frameworks;
			sourceTree = "<group>";
		};
/* End PBXGroup section */

/* Begin PBXNativeTarget section */
		DCF009B82329DA6C00D0A8F3 /* tumblr */ = {
			isa = PBXNativeTarget;
			buildConfigurationList = DCF009E12329DA6E00D0A8F3 /* Build configuration list for PBXNativeTarget "tumblr" */;
			buildPhases = (
				AE2DC08A3B6993535F857D36 /* [CP] Check Pods Manifest.lock */,
				DCF009B52329DA6C00D0A8F3 /* Sources */,
				DCF009B62329DA6C00D0A8F3 /* Frameworks */,
				DCF009B72329DA6C00D0A8F3 /* Resources */,
				DA80F5D73F379DC9D83EBB47 /* [CP] Embed Pods Frameworks */,
			);
			buildRules = (
			);
			dependencies = (
			);
			name = tumblr;
			productName = tumblr;
			productReference = DCF009B92329DA6D00D0A8F3 /* tumblr.app */;
			productType = "com.apple.product-type.application";
		};
		DCF009CC2329DA6E00D0A8F3 /* tumblrTests */ = {
			isa = PBXNativeTarget;
			buildConfigurationList = DCF009E42329DA6E00D0A8F3 /* Build configuration list for PBXNativeTarget "tumblrTests" */;
			buildPhases = (
				87C61BAA6E6ABC6549B19920 /* [CP] Check Pods Manifest.lock */,
				DCF009C92329DA6E00D0A8F3 /* Sources */,
				DCF009CA2329DA6E00D0A8F3 /* Frameworks */,
				DCF009CB2329DA6E00D0A8F3 /* Resources */,
			);
			buildRules = (
			);
			dependencies = (
				DCF009CF2329DA6E00D0A8F3 /* PBXTargetDependency */,
			);
			name = tumblrTests;
			productName = tumblrTests;
			productReference = DCF009CD2329DA6E00D0A8F3 /* tumblrTests.xctest */;
			productType = "com.apple.product-type.bundle.unit-test";
		};
		DCF009D72329DA6E00D0A8F3 /* tumblrUITests */ = {
			isa = PBXNativeTarget;
			buildConfigurationList = DCF009E72329DA6E00D0A8F3 /* Build configuration list for PBXNativeTarget "tumblrUITests" */;
			buildPhases = (
				86E516117D2E43B752E6B950 /* [CP] Check Pods Manifest.lock */,
				DCF009D42329DA6E00D0A8F3 /* Sources */,
				DCF009D52329DA6E00D0A8F3 /* Frameworks */,
				DCF009D62329DA6E00D0A8F3 /* Resources */,
			);
			buildRules = (
			);
			dependencies = (
				DCF009DA2329DA6E00D0A8F3 /* PBXTargetDependency */,
			);
			name = tumblrUITests;
			productName = tumblrUITests;
			productReference = DCF009D82329DA6E00D0A8F3 /* tumblrUITests.xctest */;
			productType = "com.apple.product-type.bundle.ui-testing";
		};
/* End PBXNativeTarget section */

/* Begin PBXProject section */
		DCF009B12329DA6C00D0A8F3 /* Project object */ = {
			isa = PBXProject;
			attributes = {
				LastSwiftUpdateCheck = 1030;
				LastUpgradeCheck = 1030;
				ORGANIZATIONNAME = "Matthew Lambert";
				TargetAttributes = {
					DCF009B82329DA6C00D0A8F3 = {
						CreatedOnToolsVersion = 10.3;
					};
					DCF009CC2329DA6E00D0A8F3 = {
						CreatedOnToolsVersion = 10.3;
						TestTargetID = DCF009B82329DA6C00D0A8F3;
					};
					DCF009D72329DA6E00D0A8F3 = {
						CreatedOnToolsVersion = 10.3;
						TestTargetID = DCF009B82329DA6C00D0A8F3;
					};
				};
			};
			buildConfigurationList = DCF009B42329DA6C00D0A8F3 /* Build configuration list for PBXProject "tumblr" */;
			compatibilityVersion = "Xcode 9.3";
			developmentRegion = en;
			hasScannedForEncodings = 0;
			knownRegions = (
				en,
				Base,
			);
			mainGroup = DCF009B02329DA6C00D0A8F3;
			productRefGroup = DCF009BA2329DA6D00D0A8F3 /* Products */;
			projectDirPath = "";
			projectRoot = "";
			targets = (
				DCF009B82329DA6C00D0A8F3 /* tumblr */,
				DCF009CC2329DA6E00D0A8F3 /* tumblrTests */,
				DCF009D72329DA6E00D0A8F3 /* tumblrUITests */,
			);
		};
/* End PBXProject section */

/* Begin PBXResourcesBuildPhase section */
		DCF009B72329DA6C00D0A8F3 /* Resources */ = {
			isa = PBXResourcesBuildPhase;
			buildActionMask = 2147483647;
			files = (
				DCF009C72329DA6E00D0A8F3 /* LaunchScreen.storyboard in Resources */,
				DCF009C42329DA6E00D0A8F3 /* Assets.xcassets in Resources */,
				DCF009C22329DA6D00D0A8F3 /* Main.storyboard in Resources */,
			);
			runOnlyForDeploymentPostprocessing = 0;
		};
		DCF009CB2329DA6E00D0A8F3 /* Resources */ = {
			isa = PBXResourcesBuildPhase;
			buildActionMask = 2147483647;
			files = (
			);
			runOnlyForDeploymentPostprocessing = 0;
		};
		DCF009D62329DA6E00D0A8F3 /* Resources */ = {
			isa = PBXResourcesBuildPhase;
			buildActionMask = 2147483647;
			files = (
			);
			runOnlyForDeploymentPostprocessing = 0;
		};
/* End PBXResourcesBuildPhase section */

/* Begin PBXShellScriptBuildPhase section */
		86E516117D2E43B752E6B950 /* [CP] Check Pods Manifest.lock */ = {
			isa = PBXShellScriptBuildPhase;
			buildActionMask = 2147483647;
			files = (
			);
			inputFileListPaths = (
			);
			inputPaths = (
				"${PODS_PODFILE_DIR_PATH}/Podfile.lock",
				"${PODS_ROOT}/Manifest.lock",
			);
			name = "[CP] Check Pods Manifest.lock";
			outputFileListPaths = (
			);
			outputPaths = (
				"$(DERIVED_FILE_DIR)/Pods-tumblrUITests-checkManifestLockResult.txt",
			);
			runOnlyForDeploymentPostprocessing = 0;
			shellPath = /bin/sh;
			shellScript = "diff \"${PODS_PODFILE_DIR_PATH}/Podfile.lock\" \"${PODS_ROOT}/Manifest.lock\" > /dev/null\nif [ $? != 0 ] ; then\n    # print error to STDERR\n    echo \"error: The sandbox is not in sync with the Podfile.lock. Run 'pod install' or update your CocoaPods installation.\" >&2\n    exit 1\nfi\n# This output is used by Xcode 'outputs' to avoid re-running this script phase.\necho \"SUCCESS\" > \"${SCRIPT_OUTPUT_FILE_0}\"\n";
			showEnvVarsInLog = 0;
		};
		87C61BAA6E6ABC6549B19920 /* [CP] Check Pods Manifest.lock */ = {
			isa = PBXShellScriptBuildPhase;
			buildActionMask = 2147483647;
			files = (
			);
			inputFileListPaths = (
			);
			inputPaths = (
				"${PODS_PODFILE_DIR_PATH}/Podfile.lock",
				"${PODS_ROOT}/Manifest.lock",
			);
			name = "[CP] Check Pods Manifest.lock";
			outputFileListPaths = (
			);
			outputPaths = (
				"$(DERIVED_FILE_DIR)/Pods-tumblrTests-checkManifestLockResult.txt",
			);
			runOnlyForDeploymentPostprocessing = 0;
			shellPath = /bin/sh;
			shellScript = "diff \"${PODS_PODFILE_DIR_PATH}/Podfile.lock\" \"${PODS_ROOT}/Manifest.lock\" > /dev/null\nif [ $? != 0 ] ; then\n    # print error to STDERR\n    echo \"error: The sandbox is not in sync with the Podfile.lock. Run 'pod install' or update your CocoaPods installation.\" >&2\n    exit 1\nfi\n# This output is used by Xcode 'outputs' to avoid re-running this script phase.\necho \"SUCCESS\" > \"${SCRIPT_OUTPUT_FILE_0}\"\n";
			showEnvVarsInLog = 0;
		};
		AE2DC08A3B6993535F857D36 /* [CP] Check Pods Manifest.lock */ = {
			isa = PBXShellScriptBuildPhase;
			buildActionMask = 2147483647;
			files = (
			);
			inputFileListPaths = (
			);
			inputPaths = (
				"${PODS_PODFILE_DIR_PATH}/Podfile.lock",
				"${PODS_ROOT}/Manifest.lock",
			);
			name = "[CP] Check Pods Manifest.lock";
			outputFileListPaths = (
			);
			outputPaths = (
				"$(DERIVED_FILE_DIR)/Pods-tumblr-checkManifestLockResult.txt",
			);
			runOnlyForDeploymentPostprocessing = 0;
			shellPath = /bin/sh;
			shellScript = "diff \"${PODS_PODFILE_DIR_PATH}/Podfile.lock\" \"${PODS_ROOT}/Manifest.lock\" > /dev/null\nif [ $? != 0 ] ; then\n    # print error to STDERR\n    echo \"error: The sandbox is not in sync with the Podfile.lock. Run 'pod install' or update your CocoaPods installation.\" >&2\n    exit 1\nfi\n# This output is used by Xcode 'outputs' to avoid re-running this script phase.\necho \"SUCCESS\" > \"${SCRIPT_OUTPUT_FILE_0}\"\n";
			showEnvVarsInLog = 0;
		};
		DA80F5D73F379DC9D83EBB47 /* [CP] Embed Pods Frameworks */ = {
			isa = PBXShellScriptBuildPhase;
			buildActionMask = 2147483647;
			files = (
			);
			inputFileListPaths = (
				"${PODS_ROOT}/Target Support Files/Pods-tumblr/Pods-tumblr-frameworks-${CONFIGURATION}-input-files.xcfilelist",
			);
			name = "[CP] Embed Pods Frameworks";
			outputFileListPaths = (
				"${PODS_ROOT}/Target Support Files/Pods-tumblr/Pods-tumblr-frameworks-${CONFIGURATION}-output-files.xcfilelist",
			);
			runOnlyForDeploymentPostprocessing = 0;
			shellPath = /bin/sh;
			shellScript = "\"${PODS_ROOT}/Target Support Files/Pods-tumblr/Pods-tumblr-frameworks.sh\"\n";
			showEnvVarsInLog = 0;
		};
/* End PBXShellScriptBuildPhase section */

/* Begin PBXSourcesBuildPhase section */
		DCF009B52329DA6C00D0A8F3 /* Sources */ = {
			isa = PBXSourcesBuildPhase;
			buildActionMask = 2147483647;
			files = (
				DCF009BD2329DA6D00D0A8F3 /* AppDelegate.swift in Sources */,
				DCB42A5F2332C181003A7D9E /* PhotoCell.swift in Sources */,
				DCB42A5D2332BA6C003A7D9E /* PhotosViewController.swift in Sources */,
			);
			runOnlyForDeploymentPostprocessing = 0;
		};
		DCF009C92329DA6E00D0A8F3 /* Sources */ = {
			isa = PBXSourcesBuildPhase;
			buildActionMask = 2147483647;
			files = (
				DCF009D22329DA6E00D0A8F3 /* tumblrTests.swift in Sources */,
			);
			runOnlyForDeploymentPostprocessing = 0;
		};
		DCF009D42329DA6E00D0A8F3 /* Sources */ = {
			isa = PBXSourcesBuildPhase;
			buildActionMask = 2147483647;
			files = (
				DCF009DD2329DA6E00D0A8F3 /* tumblrUITests.swift in Sources */,
			);
			runOnlyForDeploymentPostprocessing = 0;
		};
/* End PBXSourcesBuildPhase section */

/* Begin PBXTargetDependency section */
		DCF009CF2329DA6E00D0A8F3 /* PBXTargetDependency */ = {
			isa = PBXTargetDependency;
			target = DCF009B82329DA6C00D0A8F3 /* tumblr */;
			targetProxy = DCF009CE2329DA6E00D0A8F3 /* PBXContainerItemProxy */;
		};
		DCF009DA2329DA6E00D0A8F3 /* PBXTargetDependency */ = {
			isa = PBXTargetDependency;
			target = DCF009B82329DA6C00D0A8F3 /* tumblr */;
			targetProxy = DCF009D92329DA6E00D0A8F3 /* PBXContainerItemProxy */;
		};
/* End PBXTargetDependency section */

/* Begin PBXVariantGroup section */
		DCF009C02329DA6D00D0A8F3 /* Main.storyboard */ = {
			isa = PBXVariantGroup;
			children = (
				DCF009C12329DA6D00D0A8F3 /* Base */,
			);
			name = Main.storyboard;
			sourceTree = "<group>";
		};
		DCF009C52329DA6E00D0A8F3 /* LaunchScreen.storyboard */ = {
			isa = PBXVariantGroup;
			children = (
				DCF009C62329DA6E00D0A8F3 /* Base */,
			);
			name = LaunchScreen.storyboard;
			sourceTree = "<group>";
		};
/* End PBXVariantGroup section */

/* Begin XCBuildConfiguration section */
		DCF009DF2329DA6E00D0A8F3 /* Debug */ = {
			isa = XCBuildConfiguration;
			buildSettings = {
				ALWAYS_SEARCH_USER_PATHS = NO;
				CLANG_ANALYZER_NONNULL = YES;
				CLANG_ANALYZER_NUMBER_OBJECT_CONVERSION = YES_AGGRESSIVE;
				CLANG_CXX_LANGUAGE_STANDARD = "gnu++14";
				CLANG_CXX_LIBRARY = "libc++";
				CLANG_ENABLE_MODULES = YES;
				CLANG_ENABLE_OBJC_ARC = YES;
				CLANG_ENABLE_OBJC_WEAK = YES;
				CLANG_WARN_BLOCK_CAPTURE_AUTORELEASING = YES;
				CLANG_WARN_BOOL_CONVERSION = YES;
				CLANG_WARN_COMMA = YES;
				CLANG_WARN_CONSTANT_CONVERSION = YES;
				CLANG_WARN_DEPRECATED_OBJC_IMPLEMENTATIONS = YES;
				CLANG_WARN_DIRECT_OBJC_ISA_USAGE = YES_ERROR;
				CLANG_WARN_DOCUMENTATION_COMMENTS = YES;
				CLANG_WARN_EMPTY_BODY = YES;
				CLANG_WARN_ENUM_CONVERSION = YES;
				CLANG_WARN_INFINITE_RECURSION = YES;
				CLANG_WARN_INT_CONVERSION = YES;
				CLANG_WARN_NON_LITERAL_NULL_CONVERSION = YES;
				CLANG_WARN_OBJC_IMPLICIT_RETAIN_SELF = YES;
				CLANG_WARN_OBJC_LITERAL_CONVERSION = YES;
				CLANG_WARN_OBJC_ROOT_CLASS = YES_ERROR;
				CLANG_WARN_RANGE_LOOP_ANALYSIS = YES;
				CLANG_WARN_STRICT_PROTOTYPES = YES;
				CLANG_WARN_SUSPICIOUS_MOVE = YES;
				CLANG_WARN_UNGUARDED_AVAILABILITY = YES_AGGRESSIVE;
				CLANG_WARN_UNREACHABLE_CODE = YES;
				CLANG_WARN__DUPLICATE_METHOD_MATCH = YES;
				CODE_SIGN_IDENTITY = "iPhone Developer";
				COPY_PHASE_STRIP = NO;
				DEBUG_INFORMATION_FORMAT = dwarf;
				ENABLE_STRICT_OBJC_MSGSEND = YES;
				ENABLE_TESTABILITY = YES;
				GCC_C_LANGUAGE_STANDARD = gnu11;
				GCC_DYNAMIC_NO_PIC = NO;
				GCC_NO_COMMON_BLOCKS = YES;
				GCC_OPTIMIZATION_LEVEL = 0;
				GCC_PREPROCESSOR_DEFINITIONS = (
					"DEBUG=1",
					"$(inherited)",
				);
				GCC_WARN_64_TO_32_BIT_CONVERSION = YES;
				GCC_WARN_ABOUT_RETURN_TYPE = YES_ERROR;
				GCC_WARN_UNDECLARED_SELECTOR = YES;
				GCC_WARN_UNINITIALIZED_AUTOS = YES_AGGRESSIVE;
				GCC_WARN_UNUSED_FUNCTION = YES;
				GCC_WARN_UNUSED_VARIABLE = YES;
				IPHONEOS_DEPLOYMENT_TARGET = 12.4;
				MTL_ENABLE_DEBUG_INFO = INCLUDE_SOURCE;
				MTL_FAST_MATH = YES;
				ONLY_ACTIVE_ARCH = YES;
				SDKROOT = iphoneos;
				SWIFT_ACTIVE_COMPILATION_CONDITIONS = DEBUG;
				SWIFT_OPTIMIZATION_LEVEL = "-Onone";
			};
			name = Debug;
		};
		DCF009E02329DA6E00D0A8F3 /* Release */ = {
			isa = XCBuildConfiguration;
			buildSettings = {
				ALWAYS_SEARCH_USER_PATHS = NO;
				CLANG_ANALYZER_NONNULL = YES;
				CLANG_ANALYZER_NUMBER_OBJECT_CONVERSION = YES_AGGRESSIVE;
				CLANG_CXX_LANGUAGE_STANDARD = "gnu++14";
				CLANG_CXX_LIBRARY = "libc++";
				CLANG_ENABLE_MODULES = YES;
				CLANG_ENABLE_OBJC_ARC = YES;
				CLANG_ENABLE_OBJC_WEAK = YES;
				CLANG_WARN_BLOCK_CAPTURE_AUTORELEASING = YES;
				CLANG_WARN_BOOL_CONVERSION = YES;
				CLANG_WARN_COMMA = YES;
				CLANG_WARN_CONSTANT_CONVERSION = YES;
				CLANG_WARN_DEPRECATED_OBJC_IMPLEMENTATIONS = YES;
				CLANG_WARN_DIRECT_OBJC_ISA_USAGE = YES_ERROR;
				CLANG_WARN_DOCUMENTATION_COMMENTS = YES;
				CLANG_WARN_EMPTY_BODY = YES;
				CLANG_WARN_ENUM_CONVERSION = YES;
				CLANG_WARN_INFINITE_RECURSION = YES;
				CLANG_WARN_INT_CONVERSION = YES;
				CLANG_WARN_NON_LITERAL_NULL_CONVERSION = YES;
				CLANG_WARN_OBJC_IMPLICIT_RETAIN_SELF = YES;
				CLANG_WARN_OBJC_LITERAL_CONVERSION = YES;
				CLANG_WARN_OBJC_ROOT_CLASS = YES_ERROR;
				CLANG_WARN_RANGE_LOOP_ANALYSIS = YES;
				CLANG_WARN_STRICT_PROTOTYPES = YES;
				CLANG_WARN_SUSPICIOUS_MOVE = YES;
				CLANG_WARN_UNGUARDED_AVAILABILITY = YES_AGGRESSIVE;
				CLANG_WARN_UNREACHABLE_CODE = YES;
				CLANG_WARN__DUPLICATE_METHOD_MATCH = YES;
				CODE_SIGN_IDENTITY = "iPhone Developer";
				COPY_PHASE_STRIP = NO;
				DEBUG_INFORMATION_FORMAT = "dwarf-with-dsym";
				ENABLE_NS_ASSERTIONS = NO;
				ENABLE_STRICT_OBJC_MSGSEND = YES;
				GCC_C_LANGUAGE_STANDARD = gnu11;
				GCC_NO_COMMON_BLOCKS = YES;
				GCC_WARN_64_TO_32_BIT_CONVERSION = YES;
				GCC_WARN_ABOUT_RETURN_TYPE = YES_ERROR;
				GCC_WARN_UNDECLARED_SELECTOR = YES;
				GCC_WARN_UNINITIALIZED_AUTOS = YES_AGGRESSIVE;
				GCC_WARN_UNUSED_FUNCTION = YES;
				GCC_WARN_UNUSED_VARIABLE = YES;
				IPHONEOS_DEPLOYMENT_TARGET = 12.4;
				MTL_ENABLE_DEBUG_INFO = NO;
				MTL_FAST_MATH = YES;
				SDKROOT = iphoneos;
				SWIFT_COMPILATION_MODE = wholemodule;
				SWIFT_OPTIMIZATION_LEVEL = "-O";
				VALIDATE_PRODUCT = YES;
			};
			name = Release;
		};
		DCF009E22329DA6E00D0A8F3 /* Debug */ = {
			isa = XCBuildConfiguration;
			baseConfigurationReference = B981177D7A79EB83DC3145D8 /* Pods-tumblr.debug.xcconfig */;
			buildSettings = {
				ASSETCATALOG_COMPILER_APPICON_NAME = AppIcon;
				CODE_SIGN_STYLE = Automatic;
				DEVELOPMENT_TEAM = J8K7SB34ZH;
				INFOPLIST_FILE = tumblr/Info.plist;
				LD_RUNPATH_SEARCH_PATHS = (
					"$(inherited)",
					"@executable_path/Frameworks",
				);
				PRODUCT_BUNDLE_IDENTIFIER = mattLambert.tumblr;
				PRODUCT_NAME = "$(TARGET_NAME)";
				SWIFT_VERSION = 5.0;
				TARGETED_DEVICE_FAMILY = "1,2";
			};
			name = Debug;
		};
		DCF009E32329DA6E00D0A8F3 /* Release */ = {
			isa = XCBuildConfiguration;
			baseConfigurationReference = DC34A927FEFF736BB9EBFBFA /* Pods-tumblr.release.xcconfig */;
			buildSettings = {
				ASSETCATALOG_COMPILER_APPICON_NAME = AppIcon;
				CODE_SIGN_STYLE = Automatic;
				DEVELOPMENT_TEAM = J8K7SB34ZH;
				INFOPLIST_FILE = tumblr/Info.plist;
				LD_RUNPATH_SEARCH_PATHS = (
					"$(inherited)",
					"@executable_path/Frameworks",
				);
				PRODUCT_BUNDLE_IDENTIFIER = mattLambert.tumblr;
				PRODUCT_NAME = "$(TARGET_NAME)";
				SWIFT_VERSION = 5.0;
				TARGETED_DEVICE_FAMILY = "1,2";
			};
			name = Release;
		};
		DCF009E52329DA6E00D0A8F3 /* Debug */ = {
			isa = XCBuildConfiguration;
			baseConfigurationReference = F0998773BF9E5796FC0D0B92 /* Pods-tumblrTests.debug.xcconfig */;
			buildSettings = {
				ALWAYS_EMBED_SWIFT_STANDARD_LIBRARIES = YES;
				BUNDLE_LOADER = "$(TEST_HOST)";
				CODE_SIGN_STYLE = Automatic;
				DEVELOPMENT_TEAM = J8K7SB34ZH;
				INFOPLIST_FILE = tumblrTests/Info.plist;
				LD_RUNPATH_SEARCH_PATHS = (
					"$(inherited)",
					"@executable_path/Frameworks",
					"@loader_path/Frameworks",
				);
				PRODUCT_BUNDLE_IDENTIFIER = mattLambert.tumblrTests;
				PRODUCT_NAME = "$(TARGET_NAME)";
				SWIFT_VERSION = 5.0;
				TARGETED_DEVICE_FAMILY = "1,2";
				TEST_HOST = "$(BUILT_PRODUCTS_DIR)/tumblr.app/tumblr";
			};
			name = Debug;
		};
		DCF009E62329DA6E00D0A8F3 /* Release */ = {
			isa = XCBuildConfiguration;
			baseConfigurationReference = 393F7F40BE74E2EBFFE54CBC /* Pods-tumblrTests.release.xcconfig */;
			buildSettings = {
				ALWAYS_EMBED_SWIFT_STANDARD_LIBRARIES = YES;
				BUNDLE_LOADER = "$(TEST_HOST)";
				CODE_SIGN_STYLE = Automatic;
				DEVELOPMENT_TEAM = J8K7SB34ZH;
				INFOPLIST_FILE = tumblrTests/Info.plist;
				LD_RUNPATH_SEARCH_PATHS = (
					"$(inherited)",
					"@executable_path/Frameworks",
					"@loader_path/Frameworks",
				);
				PRODUCT_BUNDLE_IDENTIFIER = mattLambert.tumblrTests;
				PRODUCT_NAME = "$(TARGET_NAME)";
				SWIFT_VERSION = 5.0;
				TARGETED_DEVICE_FAMILY = "1,2";
				TEST_HOST = "$(BUILT_PRODUCTS_DIR)/tumblr.app/tumblr";
			};
			name = Release;
		};
		DCF009E82329DA6E00D0A8F3 /* Debug */ = {
			isa = XCBuildConfiguration;
			baseConfigurationReference = A231DBBF1DB814C0CB8DF0FF /* Pods-tumblrUITests.debug.xcconfig */;
			buildSettings = {
				ALWAYS_EMBED_SWIFT_STANDARD_LIBRARIES = YES;
				CODE_SIGN_STYLE = Automatic;
				DEVELOPMENT_TEAM = J8K7SB34ZH;
				INFOPLIST_FILE = tumblrUITests/Info.plist;
				LD_RUNPATH_SEARCH_PATHS = (
					"$(inherited)",
					"@executable_path/Frameworks",
					"@loader_path/Frameworks",
				);
				PRODUCT_BUNDLE_IDENTIFIER = mattLambert.tumblrUITests;
				PRODUCT_NAME = "$(TARGET_NAME)";
				SWIFT_VERSION = 5.0;
				TARGETED_DEVICE_FAMILY = "1,2";
				TEST_TARGET_NAME = tumblr;
			};
			name = Debug;
		};
		DCF009E92329DA6E00D0A8F3 /* Release */ = {
			isa = XCBuildConfiguration;
			baseConfigurationReference = 36E3E3A9C5D04FCA5EEC3EA9 /* Pods-tumblrUITests.release.xcconfig */;
			buildSettings = {
				ALWAYS_EMBED_SWIFT_STANDARD_LIBRARIES = YES;
				CODE_SIGN_STYLE = Automatic;
				DEVELOPMENT_TEAM = J8K7SB34ZH;
				INFOPLIST_FILE = tumblrUITests/Info.plist;
				LD_RUNPATH_SEARCH_PATHS = (
					"$(inherited)",
					"@executable_path/Frameworks",
					"@loader_path/Frameworks",
				);
				PRODUCT_BUNDLE_IDENTIFIER = mattLambert.tumblrUITests;
				PRODUCT_NAME = "$(TARGET_NAME)";
				SWIFT_VERSION = 5.0;
				TARGETED_DEVICE_FAMILY = "1,2";
				TEST_TARGET_NAME = tumblr;
			};
			name = Release;
		};
/* End XCBuildConfiguration section */

/* Begin XCConfigurationList section */
		DCF009B42329DA6C00D0A8F3 /* Build configuration list for PBXProject "tumblr" */ = {
			isa = XCConfigurationList;
			buildConfigurations = (
				DCF009DF2329DA6E00D0A8F3 /* Debug */,
				DCF009E02329DA6E00D0A8F3 /* Release */,
			);
			defaultConfigurationIsVisible = 0;
			defaultConfigurationName = Release;
		};
		DCF009E12329DA6E00D0A8F3 /* Build configuration list for PBXNativeTarget "tumblr" */ = {
			isa = XCConfigurationList;
			buildConfigurations = (
				DCF009E22329DA6E00D0A8F3 /* Debug */,
				DCF009E32329DA6E00D0A8F3 /* Release */,
			);
			defaultConfigurationIsVisible = 0;
			defaultConfigurationName = Release;
		};
		DCF009E42329DA6E00D0A8F3 /* Build configuration list for PBXNativeTarget "tumblrTests" */ = {
			isa = XCConfigurationList;
			buildConfigurations = (
				DCF009E52329DA6E00D0A8F3 /* Debug */,
				DCF009E62329DA6E00D0A8F3 /* Release */,
			);
			defaultConfigurationIsVisible = 0;
			defaultConfigurationName = Release;
		};
		DCF009E72329DA6E00D0A8F3 /* Build configuration list for PBXNativeTarget "tumblrUITests" */ = {
			isa = XCConfigurationList;
			buildConfigurations = (
				DCF009E82329DA6E00D0A8F3 /* Debug */,
				DCF009E92329DA6E00D0A8F3 /* Release */,
			);
			defaultConfigurationIsVisible = 0;
			defaultConfigurationName = Release;
		};
/* End XCConfigurationList section */
	};
	rootObject = DCF009B12329DA6C00D0A8F3 /* Project object */;
}
